
Microsoft Visual Studio Solution File, Format Version 12.00
# Visual Studio Version 17
VisualStudioVersion = 17.14.36408.4
MinimumVisualStudioVersion = 10.0.40219.1
Project("{FAE04EC0-301F-11D3-BF4B-00C04F79EFBC}") = "Taller 3", "Taller 3\Taller 3.csproj", "{121E4065-AA69-4281-8632-1F0F5593C5AB}"
EndProject
Global
	GlobalSection(SolutionConfigurationPlatforms) = preSolution
		Debug|Any CPU = Debug|Any CPU
		Release|Any CPU = Release|Any CPU
	EndGlobalSection
	GlobalSection(ProjectConfigurationPlatforms) = postSolution
		{121E4065-AA69-4281-8632-1F0F5593C5AB}.Debug|Any CPU.ActiveCfg = Debug|Any CPU
		{121E4065-AA69-4281-8632-1F0F5593C5AB}.Debug|Any CPU.Build.0 = Debug|Any CPU
		{121E4065-AA69-4281-8632-1F0F5593C5AB}.Debug|Any CPU.Deploy.0 = Debug|Any CPU
		{121E4065-AA69-4281-8632-1F0F5593C5AB}.Release|Any CPU.ActiveCfg = Release|Any CPU
		{121E4065-AA69-4281-8632-1F0F5593C5AB}.Release|Any CPU.Build.0 = Release|Any CPU
		{121E4065-AA69-4281-8632-1F0F5593C5AB}.Release|Any CPU.Deploy.0 = Release|Any CPU
	EndGlobalSection
	GlobalSection(SolutionProperties) = preSolution
		HideSolutionNode = FALSE
	EndGlobalSection
	GlobalSection(ExtensibilityGlobals) = postSolution
		SolutionGuid = {37ED9D24-0782-4E3F-BE29-B2067E759E4A}
	EndGlobalSection
EndGlobal
